PODS:
  - app_links (1.0.0):
    - FlutterMacOS
  - AppAuth (1.7.5):
    - AppAuth/Core (= 1.7.5)
    - AppAuth/ExternalUserAgent (= 1.7.5)
  - AppAuth/Core (1.7.5)
  - AppAuth/ExternalUserAgent (1.7.5):
    - AppAuth/Core
  - audio_service (0.0.1):
    - Flutter
    - FlutterMacOS
  - audio_session (0.0.1):
    - FlutterMacOS
  - Firebase/Analytics (11.8.0):
    - Firebase/Core
  - Firebase/Core (11.8.0):
    - Firebase/CoreOnly
    - FirebaseAnalytics (~> 11.8.0)
  - Firebase/CoreOnly (11.8.0):
    - FirebaseCore (~> 11.8.0)
  - Firebase/Crashlytics (11.8.0):
    - Firebase/CoreOnly
    - FirebaseCrashlytics (~> 11.8.0)
  - firebase_analytics (11.4.3):
    - Firebase/Analytics (= 11.8.0)
    - firebase_core
    - FlutterMacOS
  - firebase_core (3.12.0):
    - Firebase/CoreOnly (~> 11.8.0)
    - FlutterMacOS
  - firebase_crashlytics (4.3.3):
    - Firebase/CoreOnly (~> 11.8.0)
    - Firebase/Crashlytics (~> 11.8.0)
    - firebase_core
    - FlutterMacOS
  - FirebaseAnalytics (11.8.0):
    - FirebaseAnalytics/AdIdSupport (= 11.8.0)
    - FirebaseCore (~> 11.8.0)
    - FirebaseInstallations (~> 11.0)
    - GoogleUtilities/AppDelegateSwizzler (~> 8.0)
    - GoogleUtilities/MethodSwizzler (~> 8.0)
    - GoogleUtilities/Network (~> 8.0)
    - "GoogleUtilities/NSData+zlib (~> 8.0)"
    - nanopb (~> 3.30910.0)
  - FirebaseAnalytics/AdIdSupport (11.8.0):
    - FirebaseCore (~> 11.8.0)
    - FirebaseInstallations (~> 11.0)
    - GoogleAppMeasurement (= 11.8.0)
    - GoogleUtilities/AppDelegateSwizzler (~> 8.0)
    - GoogleUtilities/MethodSwizzler (~> 8.0)
    - GoogleUtilities/Network (~> 8.0)
    - "GoogleUtilities/NSData+zlib (~> 8.0)"
    - nanopb (~> 3.30910.0)
  - FirebaseCore (11.8.1):
    - FirebaseCoreInternal (~> 11.8.0)
    - GoogleUtilities/Environment (~> 8.0)
    - GoogleUtilities/Logger (~> 8.0)
  - FirebaseCoreExtension (11.8.0):
    - FirebaseCore (~> 11.8.0)
  - FirebaseCoreInternal (11.8.0):
    - "GoogleUtilities/NSData+zlib (~> 8.0)"
  - FirebaseCrashlytics (11.8.0):
    - FirebaseCore (~> 11.8.0)
    - FirebaseInstallations (~> 11.0)
    - FirebaseRemoteConfigInterop (~> 11.0)
    - FirebaseSessions (~> 11.0)
    - GoogleDataTransport (~> 10.0)
    - GoogleUtilities/Environment (~> 8.0)
    - nanopb (~> 3.30910.0)
    - PromisesObjC (~> 2.4)
  - FirebaseInstallations (11.8.0):
    - FirebaseCore (~> 11.8.0)
    - GoogleUtilities/Environment (~> 8.0)
    - GoogleUtilities/UserDefaults (~> 8.0)
    - PromisesObjC (~> 2.4)
  - FirebaseRemoteConfigInterop (11.8.0)
  - FirebaseSessions (11.8.0):
    - FirebaseCore (~> 11.8.0)
    - FirebaseCoreExtension (~> 11.8.0)
    - FirebaseInstallations (~> 11.0)
    - GoogleDataTransport (~> 10.0)
    - GoogleUtilities/Environment (~> 8.0)
    - GoogleUtilities/UserDefaults (~> 8.0)
    - nanopb (~> 3.30910.0)
    - PromisesSwift (~> 2.1)
  - FlutterMacOS (1.0.0)
  - google_sign_in_ios (0.0.1):
    - AppAuth (>= 1.7.4)
    - Flutter
    - FlutterMacOS
    - GoogleSignIn (~> 7.1)
    - GTMSessionFetcher (>= 3.4.0)
  - GoogleAppMeasurement (11.8.0):
    - GoogleAppMeasurement/AdIdSupport (= 11.8.0)
    - GoogleUtilities/AppDelegateSwizzler (~> 8.0)
    - GoogleUtilities/MethodSwizzler (~> 8.0)
    - GoogleUtilities/Network (~> 8.0)
    - "GoogleUtilities/NSData+zlib (~> 8.0)"
    - nanopb (~> 3.30910.0)
  - GoogleAppMeasurement/AdIdSupport (11.8.0):
    - GoogleAppMeasurement/WithoutAdIdSupport (= 11.8.0)
    - GoogleUtilities/AppDelegateSwizzler (~> 8.0)
    - GoogleUtilities/MethodSwizzler (~> 8.0)
    - GoogleUtilities/Network (~> 8.0)
    - "GoogleUtilities/NSData+zlib (~> 8.0)"
    - nanopb (~> 3.30910.0)
  - GoogleAppMeasurement/WithoutAdIdSupport (11.8.0):
    - GoogleUtilities/AppDelegateSwizzler (~> 8.0)
    - GoogleUtilities/MethodSwizzler (~> 8.0)
    - GoogleUtilities/Network (~> 8.0)
    - "GoogleUtilities/NSData+zlib (~> 8.0)"
    - nanopb (~> 3.30910.0)
  - GoogleDataTransport (10.1.0):
    - nanopb (~> 3.30910.0)
    - PromisesObjC (~> 2.4)
  - GoogleSignIn (7.1.0):
    - AppAuth (< 2.0, >= 1.7.3)
    - GTMAppAuth (< 5.0, >= 4.1.1)
    - GTMSessionFetcher/Core (~> 3.3)
  - GoogleUtilities/AppDelegateSwizzler (8.0.2):
    - GoogleUtilities/Environment
    - GoogleUtilities/Logger
    - GoogleUtilities/Network
    - GoogleUtilities/Privacy
  - GoogleUtilities/Environment (8.0.2):
    - GoogleUtilities/Privacy
  - GoogleUtilities/Logger (8.0.2):
    - GoogleUtilities/Environment
    - GoogleUtilities/Privacy
  - GoogleUtilities/MethodSwizzler (8.0.2):
    - GoogleUtilities/Logger
    - GoogleUtilities/Privacy
  - GoogleUtilities/Network (8.0.2):
    - GoogleUtilities/Logger
    - "GoogleUtilities/NSData+zlib"
    - GoogleUtilities/Privacy
    - GoogleUtilities/Reachability
  - "GoogleUtilities/NSData+zlib (8.0.2)":
    - GoogleUtilities/Privacy
  - GoogleUtilities/Privacy (8.0.2)
  - GoogleUtilities/Reachability (8.0.2):
    - GoogleUtilities/Logger
    - GoogleUtilities/Privacy
  - GoogleUtilities/UserDefaults (8.0.2):
    - GoogleUtilities/Logger
    - GoogleUtilities/Privacy
  - GTMAppAuth (4.1.1):
    - AppAuth/Core (~> 1.7)
    - GTMSessionFetcher/Core (< 4.0, >= 3.3)
  - GTMSessionFetcher (3.4.1):
    - GTMSessionFetcher/Full (= 3.4.1)
  - GTMSessionFetcher/Core (3.4.1)
  - GTMSessionFetcher/Full (3.4.1):
    - GTMSessionFetcher/Core
  - just_audio (0.0.1):
    - Flutter
    - FlutterMacOS
  - nanopb (3.30910.0):
    - nanopb/decode (= 3.30910.0)
    - nanopb/encode (= 3.30910.0)
  - nanopb/decode (3.30910.0)
  - nanopb/encode (3.30910.0)
  - path_provider_foundation (0.0.1):
    - Flutter
    - FlutterMacOS
  - PromisesObjC (2.4.0)
  - PromisesSwift (2.4.0):
    - PromisesObjC (= 2.4.0)
  - rive_common (0.0.1):
    - FlutterMacOS
  - shared_preferences_foundation (0.0.1):
    - Flutter
    - FlutterMacOS
  - sign_in_with_apple (0.0.1):
    - FlutterMacOS
  - sqflite_darwin (0.0.4):
    - Flutter
    - FlutterMacOS
  - url_launcher_macos (0.0.1):
    - FlutterMacOS

DEPENDENCIES:
  - app_links (from `Flutter/ephemeral/.symlinks/plugins/app_links/macos`)
  - audio_service (from `Flutter/ephemeral/.symlinks/plugins/audio_service/darwin`)
  - audio_session (from `Flutter/ephemeral/.symlinks/plugins/audio_session/macos`)
  - firebase_analytics (from `Flutter/ephemeral/.symlinks/plugins/firebase_analytics/macos`)
  - firebase_core (from `Flutter/ephemeral/.symlinks/plugins/firebase_core/macos`)
  - firebase_crashlytics (from `Flutter/ephemeral/.symlinks/plugins/firebase_crashlytics/macos`)
  - FlutterMacOS (from `Flutter/ephemeral`)
  - google_sign_in_ios (from `Flutter/ephemeral/.symlinks/plugins/google_sign_in_ios/darwin`)
  - just_audio (from `Flutter/ephemeral/.symlinks/plugins/just_audio/darwin`)
  - path_provider_foundation (from `Flutter/ephemeral/.symlinks/plugins/path_provider_foundation/darwin`)
  - rive_common (from `Flutter/ephemeral/.symlinks/plugins/rive_common/macos`)
  - shared_preferences_foundation (from `Flutter/ephemeral/.symlinks/plugins/shared_preferences_foundation/darwin`)
  - sign_in_with_apple (from `Flutter/ephemeral/.symlinks/plugins/sign_in_with_apple/macos`)
  - sqflite_darwin (from `Flutter/ephemeral/.symlinks/plugins/sqflite_darwin/darwin`)
  - url_launcher_macos (from `Flutter/ephemeral/.symlinks/plugins/url_launcher_macos/macos`)

SPEC REPOS:
  trunk:
    - AppAuth
    - Firebase
    - FirebaseAnalytics
    - FirebaseCore
    - FirebaseCoreExtension
    - FirebaseCoreInternal
    - FirebaseCrashlytics
    - FirebaseInstallations
    - FirebaseRemoteConfigInterop
    - FirebaseSessions
    - GoogleAppMeasurement
    - GoogleDataTransport
    - GoogleSignIn
    - GoogleUtilities
    - GTMAppAuth
    - GTMSessionFetcher
    - nanopb
    - PromisesObjC
    - PromisesSwift

EXTERNAL SOURCES:
  app_links:
    :path: Flutter/ephemeral/.symlinks/plugins/app_links/macos
  audio_service:
    :path: Flutter/ephemeral/.symlinks/plugins/audio_service/darwin
  audio_session:
    :path: Flutter/ephemeral/.symlinks/plugins/audio_session/macos
  firebase_analytics:
    :path: Flutter/ephemeral/.symlinks/plugins/firebase_analytics/macos
  firebase_core:
    :path: Flutter/ephemeral/.symlinks/plugins/firebase_core/macos
  firebase_crashlytics:
    :path: Flutter/ephemeral/.symlinks/plugins/firebase_crashlytics/macos
  FlutterMacOS:
    :path: Flutter/ephemeral
  google_sign_in_ios:
    :path: Flutter/ephemeral/.symlinks/plugins/google_sign_in_ios/darwin
  just_audio:
    :path: Flutter/ephemeral/.symlinks/plugins/just_audio/darwin
  path_provider_foundation:
    :path: Flutter/ephemeral/.symlinks/plugins/path_provider_foundation/darwin
  rive_common:
    :path: Flutter/ephemeral/.symlinks/plugins/rive_common/macos
  shared_preferences_foundation:
    :path: Flutter/ephemeral/.symlinks/plugins/shared_preferences_foundation/darwin
  sign_in_with_apple:
    :path: Flutter/ephemeral/.symlinks/plugins/sign_in_with_apple/macos
  sqflite_darwin:
    :path: Flutter/ephemeral/.symlinks/plugins/sqflite_darwin/darwin
  url_launcher_macos:
    :path: Flutter/ephemeral/.symlinks/plugins/url_launcher_macos/macos

SPEC CHECKSUMS:
  app_links: 86a57d95d4dec830373b8c85c21d1c59a4a5dc21
  AppAuth: 501c04eda8a8d11f179dbe8637b7a91bb7e5d2fa
  audio_service: cab6c1a0eaf01b5a35b567e11fa67d3cc1956910
  audio_session: 728ae3823d914f809c485d390274861a24b0904e
  Firebase: d80354ed7f6df5f9aca55e9eb47cc4b634735eaf
  firebase_analytics: 1a71372a9735d7046d2c69db848a8d178f9fb587
  firebase_core: 68e1d27035b096239f147a041643e14e156f1481
  firebase_crashlytics: 58dd6dab26f83a6d76ec041d44e1af9758867f43
  FirebaseAnalytics: 4fd42def128146e24e480e89f310e3d8534ea42b
  FirebaseCore: 99fe0c4b44a39f37d99e6404e02009d2db5d718d
  FirebaseCoreExtension: 3d3f2017a00d06e09ab4ebe065391b0bb642565e
  FirebaseCoreInternal: df24ce5af28864660ecbd13596fc8dd3a8c34629
  FirebaseCrashlytics: a1102c035f18d5dd94a5969ee439c526d0c9e313
  FirebaseInstallations: 6c963bd2a86aca0481eef4f48f5a4df783ae5917
  FirebaseRemoteConfigInterop: 98897a64aa372eac3c5b3fe2816594ccfaac55ef
  FirebaseSessions: c4d40a97f88f9eaff2834d61b4fea0a522d62123
  FlutterMacOS: 8f6f14fa908a6fb3fba0cd85dbd81ec4b251fb24
  google_sign_in_ios: 4111e87aa5e24a4404f00ea13479f35e571969cc
  GoogleAppMeasurement: fc0817122bd4d4189164f85374e06773b9561896
  GoogleDataTransport: aae35b7ea0c09004c3797d53c8c41f66f219d6a7
  GoogleSignIn: d4281ab6cf21542b1cfaff85c191f230b399d2db
  GoogleUtilities: 26a3abef001b6533cf678d3eb38fd3f614b7872d
  GTMAppAuth: f69bd07d68cd3b766125f7e072c45d7340dea0de
  GTMSessionFetcher: 8000756fc1c19d2e5697b90311f7832d2e33f6cd
  just_audio: a42c63806f16995daf5b219ae1d679deb76e6a79
  nanopb: fad817b59e0457d11a5dfbde799381cd727c1275
  path_provider_foundation: 2b6b4c569c0fb62ec74538f866245ac84301af46
  PromisesObjC: f5707f49cb48b9636751c5b2e7d227e43fba9f47
  PromisesSwift: 9d77319bbe72ebf6d872900551f7eeba9bce2851
  rive_common: 9580b9f1f08a8c85006083078e80479edf3db26a
  shared_preferences_foundation: fcdcbc04712aee1108ac7fda236f363274528f78
  sign_in_with_apple: a9e97e744e8edc36aefc2723111f652102a7a727
  sqflite_darwin: 5a7236e3b501866c1c9befc6771dfd73ffb8702d
  url_launcher_macos: c82c93949963e55b228a30115bd219499a6fe404

PODFILE CHECKSUM: f233e6b54bf29e673fd0179834e6bbb91cc027d0

COCOAPODS: 1.16.2
